# This file is automatically @generated by Poetry 1.4.2 and should not be changed by hand.

[[package]]
name = "ruff"
version = "0.0.284"
description = "An extremely fast Python linter, written in Rust."
category = "dev"
optional = false
python-versions = ">=3.7"
files = [
    {file = "ruff-0.0.284-py3-none-macosx_10_7_x86_64.whl", hash = "sha256:8b949084941232e2c27f8d12c78c5a6a010927d712ecff17231ee1a8371c205b"},
    {file = "ruff-0.0.284-py3-none-macosx_10_9_x86_64.macosx_11_0_arm64.macosx_10_9_universal2.whl", hash = "sha256:a3930d66b35e4dc96197422381dff2a4e965e9278b5533e71ae8474ef202fab0"},
    {file = "ruff-0.0.284-py3-none-manylinux_2_17_aarch64.manylinux2014_aarch64.whl", hash = "sha256:1d1f7096038961d8bc3b956ee69d73826843eb5b39a5fa4ee717ed473ed69c95"},
    {file = "ruff-0.0.284-py3-none-manylinux_2_17_armv7l.manylinux2014_armv7l.whl", hash = "sha256:bcaf85907fc905d838f46490ee15f04031927bbea44c478394b0bfdeadc27362"},
    {file = "ruff-0.0.284-py3-none-manylinux_2_17_i686.manylinux2014_i686.whl", hash = "sha256:b3660b85a9d84162a055f1add334623ae2d8022a84dcd605d61c30a57b436c32"},
    {file = "ruff-0.0.284-py3-none-manylinux_2_17_ppc64.manylinux2014_ppc64.whl", hash = "sha256:0a3218458b140ea794da72b20ea09cbe13c4c1cdb7ac35e797370354628f4c05"},
    {file = "ruff-0.0.284-py3-none-manylinux_2_17_ppc64le.manylinux2014_ppc64le.whl", hash = "sha256:b2fe880cff13fffd735387efbcad54ba0ff1272bceea07f86852a33ca71276f4"},
    {file = "ruff-0.0.284-py3-none-manylinux_2_17_s390x.manylinux2014_s390x.whl", hash = "sha256:d1d098ea74d0ce31478765d1f8b4fbdbba2efc532397b5c5e8e5ea0c13d7e5ae"},
    {file = "ruff-0.0.284-py3-none-manylinux_2_17_x86_64.manylinux2014_x86_64.whl", hash = "sha256:c4c79ae3308e308b94635cd57a369d1e6f146d85019da2fbc63f55da183ee29b"},
    {file = "ruff-0.0.284-py3-none-musllinux_1_2_aarch64.whl", hash = "sha256:f86b2b1e7033c00de45cc176cf26778650fb8804073a0495aca2f674797becbb"},
    {file = "ruff-0.0.284-py3-none-musllinux_1_2_armv7l.whl", hash = "sha256:e37e086f4d623c05cd45a6fe5006e77a2b37d57773aad96b7802a6b8ecf9c910"},
    {file = "ruff-0.0.284-py3-none-musllinux_1_2_i686.whl", hash = "sha256:d29dfbe314e1131aa53df213fdfea7ee874dd96ea0dd1471093d93b59498384d"},
    {file = "ruff-0.0.284-py3-none-musllinux_1_2_x86_64.whl", hash = "sha256:88295fd649d0aa1f1271441df75bf06266a199497afd239fd392abcfd75acd7e"},
    {file = "ruff-0.0.284-py3-none-win32.whl", hash = "sha256:735cd62fccc577032a367c31f6a9de7c1eb4c01fa9a2e60775067f44f3fc3091"},
    {file = "ruff-0.0.284-py3-none-win_amd64.whl", hash = "sha256:f67ed868d79fbcc61ad0fa034fe6eed2e8d438d32abce9c04b7c4c1464b2cf8e"},
    {file = "ruff-0.0.284-py3-none-win_arm64.whl", hash = "sha256:1292cfc764eeec3cde35b3a31eae3f661d86418b5e220f5d5dba1c27a6eccbb6"},
    {file = "ruff-0.0.284.tar.gz", hash = "sha256:ebd3cc55cd499d326aac17a331deaea29bea206e01c08862f9b5c6e93d77a491"},
]

[metadata]
lock-version = "2.0"
python-versions = "^3.10"
content-hash = "61ec19cde2ef351f7cf11c4f1a74defb37c3e99d98c753fb6721545884a90e6b"
